// !$*UTF8*$!
{
	archiveVersion = 1;
	classes = {
	};
	objectVersion = 46;
	objects = {

/* Begin PBXBuildFile section */
		6BFACA1A1ED87BB000FF4B1F /* AppDelegate.swift in Sources */ = {isa = PBXBuildFile; fileRef = 6BFACA191ED87BB000FF4B1F /* AppDelegate.swift */; };
		6BFACA1F1ED87BB000FF4B1F /* Main.storyboard in Resources */ = {isa = PBXBuildFile; fileRef = 6BFACA1D1ED87BB000FF4B1F /* Main.storyboard */; };
		6BFACA211ED87BB000FF4B1F /* Assets.xcassets in Resources */ = {isa = PBXBuildFile; fileRef = 6BFACA201ED87BB000FF4B1F /* Assets.xcassets */; };
		6BFACA241ED87BB000FF4B1F /* LaunchScreen.storyboard in Resources */ = {isa = PBXBuildFile; fileRef = 6BFACA221ED87BB000FF4B1F /* LaunchScreen.storyboard */; };
		6BFACA2E1ED87DC200FF4B1F /* CapstoneGroupsTableViewController.swift in Sources */ = {isa = PBXBuildFile; fileRef = 6BFACA2D1ED87DC200FF4B1F /* CapstoneGroupsTableViewController.swift */; };
		6BFACA381ED87EC600FF4B1F /* Pair.xcdatamodeld in Sources */ = {isa = PBXBuildFile; fileRef = 6BFACA361ED87EC600FF4B1F /* Pair.xcdatamodeld */; };
		6BFACA3A1ED87ED400FF4B1F /* CoreDataStack.swift in Sources */ = {isa = PBXBuildFile; fileRef = 6BFACA391ED87ED400FF4B1F /* CoreDataStack.swift */; };
		6BFACA3D1ED87FD200FF4B1F /* PersonController.swift in Sources */ = {isa = PBXBuildFile; fileRef = 6BFACA3C1ED87FD200FF4B1F /* PersonController.swift */; };
		6BFACA3F1ED8808400FF4B1F /* Person+Convenience.swift in Sources */ = {isa = PBXBuildFile; fileRef = 6BFACA3E1ED8808400FF4B1F /* Person+Convenience.swift */; };
/* End PBXBuildFile section */

/* Begin PBXFileReference section */
		6BFACA161ED87BB000FF4B1F /* Pair.app */ = {isa = PBXFileReference; explicitFileType = wrapper.application; includeInIndex = 0; path = Pair.app; sourceTree = BUILT_PRODUCTS_DIR; };
		6BFACA191ED87BB000FF4B1F /* AppDelegate.swift */ = {isa = PBXFileReference; lastKnownFileType = sourcecode.swift; path = AppDelegate.swift; sourceTree = "<group>"; };
		6BFACA1E1ED87BB000FF4B1F /* Base */ = {isa = PBXFileReference; lastKnownFileType = file.storyboard; name = Base; path = Base.lproj/Main.storyboard; sourceTree = "<group>"; };
		6BFACA201ED87BB000FF4B1F /* Assets.xcassets */ = {isa = PBXFileReference; lastKnownFileType = folder.assetcatalog; path = Assets.xcassets; sourceTree = "<group>"; };
		6BFACA231ED87BB000FF4B1F /* Base */ = {isa = PBXFileReference; lastKnownFileType = file.storyboard; name = Base; path = Base.lproj/LaunchScreen.storyboard; sourceTree = "<group>"; };
		6BFACA251ED87BB000FF4B1F /* Info.plist */ = {isa = PBXFileReference; lastKnownFileType = text.plist.xml; path = Info.plist; sourceTree = "<group>"; };
		6BFACA2D1ED87DC200FF4B1F /* CapstoneGroupsTableViewController.swift */ = {isa = PBXFileReference; fileEncoding = 4; lastKnownFileType = sourcecode.swift; path = CapstoneGroupsTableViewController.swift; sourceTree = "<group>"; };
		6BFACA371ED87EC600FF4B1F /* Pair.xcdatamodel */ = {isa = PBXFileReference; lastKnownFileType = wrapper.xcdatamodel; path = Pair.xcdatamodel; sourceTree = "<group>"; };
		6BFACA391ED87ED400FF4B1F /* CoreDataStack.swift */ = {isa = PBXFileReference; fileEncoding = 4; lastKnownFileType = sourcecode.swift; path = CoreDataStack.swift; sourceTree = "<group>"; };
		6BFACA3C1ED87FD200FF4B1F /* PersonController.swift */ = {isa = PBXFileReference; fileEncoding = 4; lastKnownFileType = sourcecode.swift; path = PersonController.swift; sourceTree = "<group>"; };
		6BFACA3E1ED8808400FF4B1F /* Person+Convenience.swift */ = {isa = PBXFileReference; fileEncoding = 4; lastKnownFileType = sourcecode.swift; path = "Person+Convenience.swift"; sourceTree = "<group>"; };
/* End PBXFileReference section */

/* Begin PBXFrameworksBuildPhase section */
		6BFACA131ED87BB000FF4B1F /* Frameworks */ = {
			isa = PBXFrameworksBuildPhase;
			buildActionMask = 2147483647;
			files = (
			);
			runOnlyForDeploymentPostprocessing = 0;
		};
/* End PBXFrameworksBuildPhase section */

/* Begin PBXGroup section */
		6BFACA0D1ED87BB000FF4B1F = {
			isa = PBXGroup;
			children = (
				6BFACA181ED87BB000FF4B1F /* Pair */,
				6BFACA171ED87BB000FF4B1F /* Products */,
			);
			sourceTree = "<group>";
		};
		6BFACA171ED87BB000FF4B1F /* Products */ = {
			isa = PBXGroup;
			children = (
				6BFACA161ED87BB000FF4B1F /* Pair.app */,
			);
			name = Products;
			sourceTree = "<group>";
		};
		6BFACA181ED87BB000FF4B1F /* Pair */ = {
			isa = PBXGroup;
			children = (
				6BFACA191ED87BB000FF4B1F /* AppDelegate.swift */,
				6BFACA3B1ED87EF500FF4B1F /* CoreData */,
				6BFACA301ED87DEE00FF4B1F /* ModelControllers */,
				6BFACA2C1ED87BC800FF4B1F /* ViewControllers */,
				6BFACA2B1ED87BBC00FF4B1F /* Resources */,
			);
			path = Pair;
			sourceTree = "<group>";
		};
		6BFACA2B1ED87BBC00FF4B1F /* Resources */ = {
			isa = PBXGroup;
			children = (
				6BFACA201ED87BB000FF4B1F /* Assets.xcassets */,
				6BFACA221ED87BB000FF4B1F /* LaunchScreen.storyboard */,
				6BFACA251ED87BB000FF4B1F /* Info.plist */,
			);
			name = Resources;
			sourceTree = "<group>";
		};
		6BFACA2C1ED87BC800FF4B1F /* ViewControllers */ = {
			isa = PBXGroup;
			children = (
				6BFACA2D1ED87DC200FF4B1F /* CapstoneGroupsTableViewController.swift */,
				6BFACA1D1ED87BB000FF4B1F /* Main.storyboard */,
			);
			name = ViewControllers;
			sourceTree = "<group>";
		};
		6BFACA301ED87DEE00FF4B1F /* ModelControllers */ = {
			isa = PBXGroup;
			children = (
				6BFACA3C1ED87FD200FF4B1F /* PersonController.swift */,
				6BFACA3E1ED8808400FF4B1F /* Person+Convenience.swift */,
			);
			name = ModelControllers;
			sourceTree = "<group>";
		};
		6BFACA3B1ED87EF500FF4B1F /* CoreData */ = {
			isa = PBXGroup;
			children = (
				6BFACA361ED87EC600FF4B1F /* Pair.xcdatamodeld */,
				6BFACA391ED87ED400FF4B1F /* CoreDataStack.swift */,
			);
			name = CoreData;
			sourceTree = "<group>";
		};
/* End PBXGroup section */

/* Begin PBXNativeTarget section */
		6BFACA151ED87BB000FF4B1F /* Pair */ = {
			isa = PBXNativeTarget;
			buildConfigurationList = 6BFACA281ED87BB000FF4B1F /* Build configuration list for PBXNativeTarget "Pair" */;
			buildPhases = (
				6BFACA121ED87BB000FF4B1F /* Sources */,
				6BFACA131ED87BB000FF4B1F /* Frameworks */,
				6BFACA141ED87BB000FF4B1F /* Resources */,
			);
			buildRules = (
			);
			dependencies = (
			);
			name = Pair;
			productName = Pair;
			productReference = 6BFACA161ED87BB000FF4B1F /* Pair.app */;
			productType = "com.apple.product-type.application";
		};
/* End PBXNativeTarget section */

/* Begin PBXProject section */
		6BFACA0E1ED87BB000FF4B1F /* Project object */ = {
			isa = PBXProject;
			attributes = {
				LastSwiftUpdateCheck = 0830;
				LastUpgradeCheck = 0830;
				ORGANIZATIONNAME = "Bradley Gilmore";
				TargetAttributes = {
					6BFACA151ED87BB000FF4B1F = {
						CreatedOnToolsVersion = 8.3.2;
						DevelopmentTeam = N8EMAYLL43;
						ProvisioningStyle = Automatic;
					};
				};
			};
			buildConfigurationList = 6BFACA111ED87BB000FF4B1F /* Build configuration list for PBXProject "Pair" */;
			compatibilityVersion = "Xcode 3.2";
			developmentRegion = English;
			hasScannedForEncodings = 0;
			knownRegions = (
				en,
				Base,
			);
			mainGroup = 6BFACA0D1ED87BB000FF4B1F;
			productRefGroup = 6BFACA171ED87BB000FF4B1F /* Products */;
			projectDirPath = "";
			projectRoot = "";
			targets = (
				6BFACA151ED87BB000FF4B1F /* Pair */,
			);
		};
/* End PBXProject section */

/* Begin PBXResourcesBuildPhase section */
		6BFACA141ED87BB000FF4B1F /* Resources */ = {
			isa = PBXResourcesBuildPhase;
			buildActionMask = 2147483647;
			files = (
				6BFACA241ED87BB000FF4B1F /* LaunchScreen.storyboard in Resources */,
				6BFACA211ED87BB000FF4B1F /* Assets.xcassets in Resources */,
				6BFACA1F1ED87BB000FF4B1F /* Main.storyboard in Resources */,
			);
			runOnlyForDeploymentPostprocessing = 0;
		};
/* End PBXResourcesBuildPhase section */

/* Begin PBXSourcesBuildPhase section */
		6BFACA121ED87BB000FF4B1F /* Sources */ = {
			isa = PBXSourcesBuildPhase;
			buildActionMask = 2147483647;
			files = (
				6BFACA381ED87EC600FF4B1F /* Pair.xcdatamodeld in Sources */,
				6BFACA2E1ED87DC200FF4B1F /* CapstoneGroupsTableViewController.swift in Sources */,
				6BFACA3F1ED8808400FF4B1F /* Person+Convenience.swift in Sources */,
				6BFACA1A1ED87BB000FF4B1F /* AppDelegate.swift in Sources */,
				6BFACA3D1ED87FD200FF4B1F /* PersonController.swift in Sources */,
				6BFACA3A1ED87ED400FF4B1F /* CoreDataStack.swift in Sources */,
			);
			runOnlyForDeploymentPostprocessing = 0;
		};
/* End PBXSourcesBuildPhase section */

/* Begin PBXVariantGroup section */
		6BFACA1D1ED87BB000FF4B1F /* Main.storyboard */ = {
			isa = PBXVariantGroup;
			children = (
				6BFACA1E1ED87BB000FF4B1F /* Base */,
			);
			name = Main.storyboard;
			sourceTree = "<group>";
		};
		6BFACA221ED87BB000FF4B1F /* LaunchScreen.storyboard */ = {
			isa = PBXVariantGroup;
			children = (
				6BFACA231ED87BB000FF4B1F /* Base */,
			);
			name = LaunchScreen.storyboard;
			sourceTree = "<group>";
		};
/* End PBXVariantGroup section */

/* Begin XCBuildConfiguration section */
		6BFACA261ED87BB000FF4B1F /* Debug */ = {
			isa = XCBuildConfiguration;
			buildSettings = {
				ALWAYS_SEARCH_USER_PATHS = NO;
				CLANG_ANALYZER_NONNULL = YES;
				CLANG_ANALYZER_NUMBER_OBJECT_CONVERSION = YES_AGGRESSIVE;
				CLANG_CXX_LANGUAGE_STANDARD = "gnu++0x";
				CLANG_CXX_LIBRARY = "libc++";
				CLANG_ENABLE_MODULES = YES;
				CLANG_ENABLE_OBJC_ARC = YES;
				CLANG_WARN_BOOL_CONVERSION = YES;
				CLANG_WARN_CONSTANT_CONVERSION = YES;
				CLANG_WARN_DIRECT_OBJC_ISA_USAGE = YES_ERROR;
				CLANG_WARN_DOCUMENTATION_COMMENTS = YES;
				CLANG_WARN_EMPTY_BODY = YES;
				CLANG_WARN_ENUM_CONVERSION = YES;
				CLANG_WARN_INFINITE_RECURSION = YES;
				CLANG_WARN_INT_CONVERSION = YES;
				CLANG_WARN_OBJC_ROOT_CLASS = YES_ERROR;
				CLANG_WARN_SUSPICIOUS_MOVE = YES;
				CLANG_WARN_UNREACHABLE_CODE = YES;
				CLANG_WARN__DUPLICATE_METHOD_MATCH = YES;
				"CODE_SIGN_IDENTITY[sdk=iphoneos*]" = "iPhone Developer";
				COPY_PHASE_STRIP = NO;
				DEBUG_INFORMATION_FORMAT = dwarf;
				ENABLE_STRICT_OBJC_MSGSEND = YES;
				ENABLE_TESTABILITY = YES;
				GCC_C_LANGUAGE_STANDARD = gnu99;
				GCC_DYNAMIC_NO_PIC = NO;
				GCC_NO_COMMON_BLOCKS = YES;
				GCC_OPTIMIZATION_LEVEL = 0;
				GCC_PREPROCESSOR_DEFINITIONS = (
					"DEBUG=1",
					"$(inherited)",
				);
				GCC_WARN_64_TO_32_BIT_CONVERSION = YES;
				GCC_WARN_ABOUT_RETURN_TYPE = YES_ERROR;
				GCC_WARN_UNDECLARED_SELECTOR = YES;
				GCC_WARN_UNINITIALIZED_AUTOS = YES_AGGRESSIVE;
				GCC_WARN_UNUSED_FUNCTION = YES;
				GCC_WARN_UNUSED_VARIABLE = YES;
				IPHONEOS_DEPLOYMENT_TARGET = 10.3;
				MTL_ENABLE_DEBUG_INFO = YES;
				ONLY_ACTIVE_ARCH = YES;
				SDKROOT = iphoneos;
				SWIFT_ACTIVE_COMPILATION_CONDITIONS = DEBUG;
				SWIFT_OPTIMIZATION_LEVEL = "-Onone";
			};
			name = Debug;
		};
		6BFACA271ED87BB000FF4B1F /* Release */ = {
			isa = XCBuildConfiguration;
			buildSettings = {
				ALWAYS_SEARCH_USER_PATHS = NO;
				CLANG_ANALYZER_NONNULL = YES;
				CLANG_ANALYZER_NUMBER_OBJECT_CONVERSION = YES_AGGRESSIVE;
				CLANG_CXX_LANGUAGE_STANDARD = "gnu++0x";
				CLANG_CXX_LIBRARY = "libc++";
				CLANG_ENABLE_MODULES = YES;
				CLANG_ENABLE_OBJC_ARC = YES;
				CLANG_WARN_BOOL_CONVERSION = YES;
				CLANG_WARN_CONSTANT_CONVERSION = YES;
				CLANG_WARN_DIRECT_OBJC_ISA_USAGE = YES_ERROR;
				CLANG_WARN_DOCUMENTATION_COMMENTS = YES;
				CLANG_WARN_EMPTY_BODY = YES;
				CLANG_WARN_ENUM_CONVERSION = YES;
				CLANG_WARN_INFINITE_RECURSION = YES;
				CLANG_WARN_INT_CONVERSION = YES;
				CLANG_WARN_OBJC_ROOT_CLASS = YES_ERROR;
				CLANG_WARN_SUSPICIOUS_MOVE = YES;
				CLANG_WARN_UNREACHABLE_CODE = YES;
				CLANG_WARN__DUPLICATE_METHOD_MATCH = YES;
				"CODE_SIGN_IDENTITY[sdk=iphoneos*]" = "iPhone Developer";
				COPY_PHASE_STRIP = NO;
				DEBUG_INFORMATION_FORMAT = "dwarf-with-dsym";
				ENABLE_NS_ASSERTIONS = NO;
				ENABLE_STRICT_OBJC_MSGSEND = YES;
				GCC_C_LANGUAGE_STANDARD = gnu99;
				GCC_NO_COMMON_BLOCKS = YES;
				GCC_WARN_64_TO_32_BIT_CONVERSION = YES;
				GCC_WARN_ABOUT_RETURN_TYPE = YES_ERROR;
				GCC_WARN_UNDECLARED_SELECTOR = YES;
				GCC_WARN_UNINITIALIZED_AUTOS = YES_AGGRESSIVE;
				GCC_WARN_UNUSED_FUNCTION = YES;
				GCC_WARN_UNUSED_VARIABLE = YES;
				IPHONEOS_DEPLOYMENT_TARGET = 10.3;
				MTL_ENABLE_DEBUG_INFO = NO;
				SDKROOT = iphoneos;
				SWIFT_OPTIMIZATION_LEVEL = "-Owholemodule";
				VALIDATE_PRODUCT = YES;
			};
			name = Release;
		};
		6BFACA291ED87BB000FF4B1F /* Debug */ = {
			isa = XCBuildConfiguration;
			buildSettings = {
				ASSETCATALOG_COMPILER_APPICON_NAME = AppIcon;
				DEVELOPMENT_TEAM = N8EMAYLL43;
				INFOPLIST_FILE = Pair/Info.plist;
				LD_RUNPATH_SEARCH_PATHS = "$(inherited) @executable_path/Frameworks";
				PRODUCT_BUNDLE_IDENTIFIER = com.bradleygilmore.Pair;
				PRODUCT_NAME = "$(TARGET_NAME)";
				SWIFT_VERSION = 3.0;
			};
			name = Debug;
		};
		6BFACA2A1ED87BB000FF4B1F /* Release */ = {
			isa = XCBuildConfiguration;
			buildSettings = {
				ASSETCATALOG_COMPILER_APPICON_NAME = AppIcon;
				DEVELOPMENT_TEAM = N8EMAYLL43;
				INFOPLIST_FILE = Pair/Info.plist;
				LD_RUNPATH_SEARCH_PATHS = "$(inherited) @executable_path/Frameworks";
				PRODUCT_BUNDLE_IDENTIFIER = com.bradleygilmore.Pair;
				PRODUCT_NAME = "$(TARGET_NAME)";
				SWIFT_VERSION = 3.0;
			};
			name = Release;
		};
/* End XCBuildConfiguration section */

/* Begin XCConfigurationList section */
		6BFACA111ED87BB000FF4B1F /* Build configuration list for PBXProject "Pair" */ = {
			isa = XCConfigurationList;
			buildConfigurations = (
				6BFACA261ED87BB000FF4B1F /* Debug */,
				6BFACA271ED87BB000FF4B1F /* Release */,
			);
			defaultConfigurationIsVisible = 0;
			defaultConfigurationName = Release;
		};
		6BFACA281ED87BB000FF4B1F /* Build configuration list for PBXNativeTarget "Pair" */ = {
			isa = XCConfigurationList;
			buildConfigurations = (
				6BFACA291ED87BB000FF4B1F /* Debug */,
				6BFACA2A1ED87BB000FF4B1F /* Release */,
			);
			defaultConfigurationIsVisible = 0;
		};
/* End XCConfigurationList section */

/* Begin XCVersionGroup section */
		6BFACA361ED87EC600FF4B1F /* Pair.xcdatamodeld */ = {
			isa = XCVersionGroup;
			children = (
				6BFACA371ED87EC600FF4B1F /* Pair.xcdatamodel */,
			);
			currentVersion = 6BFACA371ED87EC600FF4B1F /* Pair.xcdatamodel */;
			path = Pair.xcdatamodeld;
			sourceTree = "<group>";
			versionGroupType = wrapper.xcdatamodel;
		};
/* End XCVersionGroup section */
	};
	rootObject = 6BFACA0E1ED87BB000FF4B1F /* Project object */;
}
